
Microsoft Visual Studio Solution File, Format Version 12.00
# Visual Studio Version 17
VisualStudioVersion = 17.3.32825.248
MinimumVisualStudioVersion = 10.0.40219.1
Project("{888888A0-9F3D-457C-B088-3A5042F75D52}") = "DebugChallenge2", "DebugChallenge2\DebugChallenge2.pyproj", "{62FB4DC7-8B1E-470B-B48D-84F3137A0FEB}"
EndProject
Global
	GlobalSection(SolutionConfigurationPlatforms) = preSolution
		Debug|Any CPU = Debug|Any CPU
		Release|Any CPU = Release|Any CPU
	EndGlobalSection
	GlobalSection(ProjectConfigurationPlatforms) = postSolution
		{62FB4DC7-8B1E-470B-B48D-84F3137A0FEB}.Debug|Any CPU.ActiveCfg = Debug|Any CPU
		{62FB4DC7-8B1E-470B-B48D-84F3137A0FEB}.Release|Any CPU.ActiveCfg = Release|Any CPU
	EndGlobalSection
	GlobalSection(SolutionProperties) = preSolution
		HideSolutionNode = FALSE
	EndGlobalSection
	GlobalSection(ExtensibilityGlobals) = postSolution
		SolutionGuid = {39A92D73-D8EB-460F-B069-2821DD9C7F3C}
	EndGlobalSection
EndGlobal
