
Microsoft Visual Studio Solution File, Format Version 12.00
# Visual Studio Version 17
VisualStudioVersion = 17.3.32825.248
MinimumVisualStudioVersion = 10.0.40219.1
Project("{888888A0-9F3D-457C-B088-3A5042F75D52}") = "KcPolandCustomCanvases", "KcPolandCustomCanvases\KcPolandCustomCanvases.pyproj", "{3A97AE59-2BCA-49CD-A550-D9CECCFC4EE7}"
EndProject
Global
	GlobalSection(SolutionConfigurationPlatforms) = preSolution
		Debug|Any CPU = Debug|Any CPU
		Release|Any CPU = Release|Any CPU
	EndGlobalSection
	GlobalSection(ProjectConfigurationPlatforms) = postSolution
		{3A97AE59-2BCA-49CD-A550-D9CECCFC4EE7}.Debug|Any CPU.ActiveCfg = Debug|Any CPU
		{3A97AE59-2BCA-49CD-A550-D9CECCFC4EE7}.Release|Any CPU.ActiveCfg = Release|Any CPU
	EndGlobalSection
	GlobalSection(SolutionProperties) = preSolution
		HideSolutionNode = FALSE
	EndGlobalSection
	GlobalSection(ExtensibilityGlobals) = postSolution
		SolutionGuid = {5AF29421-FEFC-4B04-9E7F-E785B35BEFB8}
	EndGlobalSection
EndGlobal
