
Microsoft Visual Studio Solution File, Format Version 12.00
# Visual Studio Version 17
VisualStudioVersion = 17.3.32825.248
MinimumVisualStudioVersion = 10.0.40219.1
Project("{888888A0-9F3D-457C-B088-3A5042F75D52}") = "KayakRental", "KayakRental\KayakRental.pyproj", "{D98AF8F6-45F2-405F-879D-5A57EAF35124}"
EndProject
Global
	GlobalSection(SolutionConfigurationPlatforms) = preSolution
		Debug|Any CPU = Debug|Any CPU
		Release|Any CPU = Release|Any CPU
	EndGlobalSection
	GlobalSection(ProjectConfigurationPlatforms) = postSolution
		{D98AF8F6-45F2-405F-879D-5A57EAF35124}.Debug|Any CPU.ActiveCfg = Debug|Any CPU
		{D98AF8F6-45F2-405F-879D-5A57EAF35124}.Release|Any CPU.ActiveCfg = Release|Any CPU
	EndGlobalSection
	GlobalSection(SolutionProperties) = preSolution
		HideSolutionNode = FALSE
	EndGlobalSection
	GlobalSection(ExtensibilityGlobals) = postSolution
		SolutionGuid = {B199BD88-A9F5-4095-8626-72F1D816561B}
	EndGlobalSection
EndGlobal
